// !$*UTF8*$!
{
	archiveVersion = 1;
	classes = {
	};
	objectVersion = 77;
	objects = {

/* Begin PBXBuildFile section */
		11BDC54AC44DFB3D2460F9C8 /* SelectedDateStore.swift in Sources */ = {isa = PBXBuildFile; fileRef = 4D5D185F8549866F623F23AD /* SelectedDateStore.swift */; };
		198C467540C8CCF972C48F15 /* AppPalette.swift in Sources */ = {isa = PBXBuildFile; fileRef = DEFF9D6784C30FB99AA8A6F9 /* AppPalette.swift */; };
		1A8118CC273F957A1235A0BE /* RootTabView.swift in Sources */ = {isa = PBXBuildFile; fileRef = 3D9688088779BAE6660C8219 /* RootTabView.swift */; };
		3BED17505FFD08C17D1872E8 /* TodayView.swift in Sources */ = {isa = PBXBuildFile; fileRef = E5CC13F84D73CCB5B664FC31 /* TodayView.swift */; };
		4DC2E7970667E5BC95E990E4 /* TrackCounterView.swift in Sources */ = {isa = PBXBuildFile; fileRef = 8571AB8C9A33CF18756F8F8C /* TrackCounterView.swift */; };
		520E70D68382B3C04F385CF8 /* PracticeTracksStore.swift in Sources */ = {isa = PBXBuildFile; fileRef = E6160DF141394436C9C46950 /* PracticeTracksStore.swift */; };
		952C7A31E8E727BE6B4FF049 /* HomeView.swift in Sources */ = {isa = PBXBuildFile; fileRef = 8BEBE18C4DBA1ABA9610D0FD /* HomeView.swift */; };
		97A9D7C74A11B89EB38C0870 /* Localizable.strings in Resources */ = {isa = PBXBuildFile; fileRef = 8A1CB7AB931B779C2B005481 /* Localizable.strings */; };
		9C084B436F69D62338981B4A /* WeeklyCalendarModule.swift in Sources */ = {isa = PBXBuildFile; fileRef = 9FCB7153A48A5AE519537E3F /* WeeklyCalendarModule.swift */; };
		CC14C844CE22784C8468C018 /* SystemPracticeCalendarView.swift in Sources */ = {isa = PBXBuildFile; fileRef = 464E83F8015C15C2BC1B68C1 /* SystemPracticeCalendarView.swift */; };
		EC642C2ACDC76EA5728E3B40 /* PianoLogNativeApp.swift in Sources */ = {isa = PBXBuildFile; fileRef = 6B2DC75532797D0CB13DDA68 /* PianoLogNativeApp.swift */; };
		FEB7AE1A1E2E8767F663505A /* TrackDetailView.swift in Sources */ = {isa = PBXBuildFile; fileRef = 5C1B65F10746AD6C51AFB857 /* TrackDetailView.swift */; };
/* End PBXBuildFile section */

/* Begin PBXFileReference section */
		19261D686E0057B59A240212 /* PianoLogNative.app */ = {isa = PBXFileReference; explicitFileType = wrapper.application; includeInIndex = 0; path = PianoLogNative.app; sourceTree = BUILT_PRODUCTS_DIR; };
		3D9688088779BAE6660C8219 /* RootTabView.swift */ = {isa = PBXFileReference; lastKnownFileType = sourcecode.swift; path = RootTabView.swift; sourceTree = "<group>"; };
		464E83F8015C15C2BC1B68C1 /* SystemPracticeCalendarView.swift */ = {isa = PBXFileReference; lastKnownFileType = sourcecode.swift; path = SystemPracticeCalendarView.swift; sourceTree = "<group>"; };
		4D5D185F8549866F623F23AD /* SelectedDateStore.swift */ = {isa = PBXFileReference; lastKnownFileType = sourcecode.swift; path = SelectedDateStore.swift; sourceTree = "<group>"; };
		5C1B65F10746AD6C51AFB857 /* TrackDetailView.swift */ = {isa = PBXFileReference; lastKnownFileType = sourcecode.swift; path = TrackDetailView.swift; sourceTree = "<group>"; };
		6B2DC75532797D0CB13DDA68 /* PianoLogNativeApp.swift */ = {isa = PBXFileReference; lastKnownFileType = sourcecode.swift; path = PianoLogNativeApp.swift; sourceTree = "<group>"; };
		7FDB8133FDA431C31E8D2BFA /* ko */ = {isa = PBXFileReference; lastKnownFileType = text.plist.strings; name = ko; path = ko.lproj/Localizable.strings; sourceTree = "<group>"; };
		813B0BB7116B04DA4422D172 /* Info.plist */ = {isa = PBXFileReference; lastKnownFileType = text.plist; path = Info.plist; sourceTree = "<group>"; };
		8571AB8C9A33CF18756F8F8C /* TrackCounterView.swift */ = {isa = PBXFileReference; lastKnownFileType = sourcecode.swift; path = TrackCounterView.swift; sourceTree = "<group>"; };
		8BEBE18C4DBA1ABA9610D0FD /* HomeView.swift */ = {isa = PBXFileReference; lastKnownFileType = sourcecode.swift; path = HomeView.swift; sourceTree = "<group>"; };
		9FCB7153A48A5AE519537E3F /* WeeklyCalendarModule.swift */ = {isa = PBXFileReference; lastKnownFileType = sourcecode.swift; path = WeeklyCalendarModule.swift; sourceTree = "<group>"; };
		D97026BC66C5953E8D9451C5 /* en */ = {isa = PBXFileReference; lastKnownFileType = text.plist.strings; name = en; path = en.lproj/Localizable.strings; sourceTree = "<group>"; };
		DEFF9D6784C30FB99AA8A6F9 /* AppPalette.swift */ = {isa = PBXFileReference; lastKnownFileType = sourcecode.swift; path = AppPalette.swift; sourceTree = "<group>"; };
		E5CC13F84D73CCB5B664FC31 /* TodayView.swift */ = {isa = PBXFileReference; lastKnownFileType = sourcecode.swift; path = TodayView.swift; sourceTree = "<group>"; };
		E6160DF141394436C9C46950 /* PracticeTracksStore.swift */ = {isa = PBXFileReference; lastKnownFileType = sourcecode.swift; path = PracticeTracksStore.swift; sourceTree = "<group>"; };
/* End PBXFileReference section */

/* Begin PBXGroup section */
		38D1F9E1EC64476DDA6B6AED /* Features */ = {
			isa = PBXGroup;
			children = (
				C1733F73F137892BDF5E3702 /* Calendar */,
				5E64D4ABD9705C8887FA1CC9 /* Home */,
				E83CA9122FB18953514D64EA /* Today */,
			);
			path = Features;
			sourceTree = "<group>";
		};
		5E64D4ABD9705C8887FA1CC9 /* Home */ = {
			isa = PBXGroup;
			children = (
				8BEBE18C4DBA1ABA9610D0FD /* HomeView.swift */,
			);
			path = Home;
			sourceTree = "<group>";
		};
		69A485B77CD91FA03BB06995 /* Sources */ = {
			isa = PBXGroup;
			children = (
				813B0BB7116B04DA4422D172 /* Info.plist */,
				CC8180EB23E3C95207E68B11 /* App */,
				38D1F9E1EC64476DDA6B6AED /* Features */,
				F513E6A4BBFE735A80EC8778 /* Resources */,
				E27B77D84A707F68B8664666 /* Shared */,
				FF0100B5BD7F89C99F6A4644 /* Theme */,
			);
			path = Sources;
			sourceTree = "<group>";
		};
		95FC01FA12FA9AD408631ECA /* Products */ = {
			isa = PBXGroup;
			children = (
				19261D686E0057B59A240212 /* PianoLogNative.app */,
			);
			name = Products;
			sourceTree = "<group>";
		};
		C1733F73F137892BDF5E3702 /* Calendar */ = {
			isa = PBXGroup;
			children = (
				9FCB7153A48A5AE519537E3F /* WeeklyCalendarModule.swift */,
			);
			path = Calendar;
			sourceTree = "<group>";
		};
		CC8180EB23E3C95207E68B11 /* App */ = {
			isa = PBXGroup;
			children = (
				6B2DC75532797D0CB13DDA68 /* PianoLogNativeApp.swift */,
				3D9688088779BAE6660C8219 /* RootTabView.swift */,
			);
			path = App;
			sourceTree = "<group>";
		};
		E27B77D84A707F68B8664666 /* Shared */ = {
			isa = PBXGroup;
			children = (
				E6160DF141394436C9C46950 /* PracticeTracksStore.swift */,
				4D5D185F8549866F623F23AD /* SelectedDateStore.swift */,
			);
			path = Shared;
			sourceTree = "<group>";
		};
		E83CA9122FB18953514D64EA /* Today */ = {
			isa = PBXGroup;
			children = (
				464E83F8015C15C2BC1B68C1 /* SystemPracticeCalendarView.swift */,
				E5CC13F84D73CCB5B664FC31 /* TodayView.swift */,
				8571AB8C9A33CF18756F8F8C /* TrackCounterView.swift */,
				5C1B65F10746AD6C51AFB857 /* TrackDetailView.swift */,
			);
			path = Today;
			sourceTree = "<group>";
		};
		F513E6A4BBFE735A80EC8778 /* Resources */ = {
			isa = PBXGroup;
			children = (
				8A1CB7AB931B779C2B005481 /* Localizable.strings */,
			);
			path = Resources;
			sourceTree = "<group>";
		};
		FD2A67E9168E97CAA8374068 = {
			isa = PBXGroup;
			children = (
				69A485B77CD91FA03BB06995 /* Sources */,
				95FC01FA12FA9AD408631ECA /* Products */,
			);
			sourceTree = "<group>";
		};
		FF0100B5BD7F89C99F6A4644 /* Theme */ = {
			isa = PBXGroup;
			children = (
				DEFF9D6784C30FB99AA8A6F9 /* AppPalette.swift */,
			);
			path = Theme;
			sourceTree = "<group>";
		};
/* End PBXGroup section */

/* Begin PBXNativeTarget section */
		DB85552AB2CB3E6DD51842C7 /* PianoLogNative */ = {
			isa = PBXNativeTarget;
			buildConfigurationList = 19D39A8853117A63DF61AE6D /* Build configuration list for PBXNativeTarget "PianoLogNative" */;
			buildPhases = (
				A7FAE4983B6FD14756F17307 /* Sources */,
				31FCEBF28D48FF0CF4C38958 /* Resources */,
			);
			buildRules = (
			);
			dependencies = (
			);
			name = PianoLogNative;
			packageProductDependencies = (
			);
			productName = PianoLogNative;
			productReference = 19261D686E0057B59A240212 /* PianoLogNative.app */;
			productType = "com.apple.product-type.application";
		};
/* End PBXNativeTarget section */

/* Begin PBXProject section */
		E939AA254688F77468E5A894 /* Project object */ = {
			isa = PBXProject;
			attributes = {
				BuildIndependentTargetsInParallel = YES;
				LastUpgradeCheck = 1430;
			};
			buildConfigurationList = 3652C8300E078047B20A8ABB /* Build configuration list for PBXProject "PianoLogNative" */;
			developmentRegion = en;
			hasScannedForEncodings = 0;
			knownRegions = (
				Base,
				en,
				ko,
			);
			mainGroup = FD2A67E9168E97CAA8374068;
			minimizedProjectReferenceProxies = 1;
			preferredProjectObjectVersion = 77;
			productRefGroup = 95FC01FA12FA9AD408631ECA /* Products */;
			projectDirPath = "";
			projectRoot = "";
			targets = (
				DB85552AB2CB3E6DD51842C7 /* PianoLogNative */,
			);
		};
/* End PBXProject section */

/* Begin PBXResourcesBuildPhase section */
		31FCEBF28D48FF0CF4C38958 /* Resources */ = {
			isa = PBXResourcesBuildPhase;
			buildActionMask = 2147483647;
			files = (
				97A9D7C74A11B89EB38C0870 /* Localizable.strings in Resources */,
			);
			runOnlyForDeploymentPostprocessing = 0;
		};
/* End PBXResourcesBuildPhase section */

/* Begin PBXSourcesBuildPhase section */
		A7FAE4983B6FD14756F17307 /* Sources */ = {
			isa = PBXSourcesBuildPhase;
			buildActionMask = 2147483647;
			files = (
				198C467540C8CCF972C48F15 /* AppPalette.swift in Sources */,
				952C7A31E8E727BE6B4FF049 /* HomeView.swift in Sources */,
				EC642C2ACDC76EA5728E3B40 /* PianoLogNativeApp.swift in Sources */,
				520E70D68382B3C04F385CF8 /* PracticeTracksStore.swift in Sources */,
				1A8118CC273F957A1235A0BE /* RootTabView.swift in Sources */,
				11BDC54AC44DFB3D2460F9C8 /* SelectedDateStore.swift in Sources */,
				CC14C844CE22784C8468C018 /* SystemPracticeCalendarView.swift in Sources */,
				3BED17505FFD08C17D1872E8 /* TodayView.swift in Sources */,
				4DC2E7970667E5BC95E990E4 /* TrackCounterView.swift in Sources */,
				FEB7AE1A1E2E8767F663505A /* TrackDetailView.swift in Sources */,
				9C084B436F69D62338981B4A /* WeeklyCalendarModule.swift in Sources */,
			);
			runOnlyForDeploymentPostprocessing = 0;
		};
/* End PBXSourcesBuildPhase section */

/* Begin PBXVariantGroup section */
		8A1CB7AB931B779C2B005481 /* Localizable.strings */ = {
			isa = PBXVariantGroup;
			children = (
				D97026BC66C5953E8D9451C5 /* en */,
				7FDB8133FDA431C31E8D2BFA /* ko */,
			);
			name = Localizable.strings;
			sourceTree = "<group>";
		};
/* End PBXVariantGroup section */

/* Begin XCBuildConfiguration section */
		4CA3E362E7707A2A8474F211 /* Debug */ = {
			isa = XCBuildConfiguration;
			buildSettings = {
				ASSETCATALOG_COMPILER_APPICON_NAME = AppIcon;
				CODE_SIGN_IDENTITY = "iPhone Developer";
				DEVELOPMENT_TEAM = U96KK739SR;
				INFOPLIST_FILE = Sources/Info.plist;
				IPHONEOS_DEPLOYMENT_TARGET = 16.0;
				LD_RUNPATH_SEARCH_PATHS = (
					"$(inherited)",
					"@executable_path/Frameworks",
				);
				PRODUCT_BUNDLE_IDENTIFIER = com.mozartdc.pianolog.native;
				SDKROOT = iphoneos;
				TARGETED_DEVICE_FAMILY = "1,2";
			};
			name = Debug;
		};
		6A7AAB6434CB55391CF867AE /* Release */ = {
			isa = XCBuildConfiguration;
			buildSettings = {
				ALWAYS_SEARCH_USER_PATHS = NO;
				CLANG_ANALYZER_NONNULL = YES;
				CLANG_ANALYZER_NUMBER_OBJECT_CONVERSION = YES_AGGRESSIVE;
				CLANG_CXX_LANGUAGE_STANDARD = "gnu++14";
				CLANG_CXX_LIBRARY = "libc++";
				CLANG_ENABLE_MODULES = YES;
				CLANG_ENABLE_OBJC_ARC = YES;
				CLANG_ENABLE_OBJC_WEAK = YES;
				CLANG_WARN_BLOCK_CAPTURE_AUTORELEASING = YES;
				CLANG_WARN_BOOL_CONVERSION = YES;
				CLANG_WARN_COMMA = YES;
				CLANG_WARN_CONSTANT_CONVERSION = YES;
				CLANG_WARN_DEPRECATED_OBJC_IMPLEMENTATIONS = YES;
				CLANG_WARN_DIRECT_OBJC_ISA_USAGE = YES_ERROR;
				CLANG_WARN_DOCUMENTATION_COMMENTS = YES;
				CLANG_WARN_EMPTY_BODY = YES;
				CLANG_WARN_ENUM_CONVERSION = YES;
				CLANG_WARN_INFINITE_RECURSION = YES;
				CLANG_WARN_INT_CONVERSION = YES;
				CLANG_WARN_NON_LITERAL_NULL_CONVERSION = YES;
				CLANG_WARN_OBJC_IMPLICIT_RETAIN_SELF = YES;
				CLANG_WARN_OBJC_LITERAL_CONVERSION = YES;
				CLANG_WARN_OBJC_ROOT_CLASS = YES_ERROR;
				CLANG_WARN_QUOTED_INCLUDE_IN_FRAMEWORK_HEADER = YES;
				CLANG_WARN_RANGE_LOOP_ANALYSIS = YES;
				CLANG_WARN_STRICT_PROTOTYPES = YES;
				CLANG_WARN_SUSPICIOUS_MOVE = YES;
				CLANG_WARN_UNGUARDED_AVAILABILITY = YES_AGGRESSIVE;
				CLANG_WARN_UNREACHABLE_CODE = YES;
				CLANG_WARN__DUPLICATE_METHOD_MATCH = YES;
				COPY_PHASE_STRIP = NO;
				DEBUG_INFORMATION_FORMAT = "dwarf-with-dsym";
				ENABLE_NS_ASSERTIONS = NO;
				ENABLE_STRICT_OBJC_MSGSEND = YES;
				GCC_C_LANGUAGE_STANDARD = gnu11;
				GCC_NO_COMMON_BLOCKS = YES;
				GCC_WARN_64_TO_32_BIT_CONVERSION = YES;
				GCC_WARN_ABOUT_RETURN_TYPE = YES_ERROR;
				GCC_WARN_UNDECLARED_SELECTOR = YES;
				GCC_WARN_UNINITIALIZED_AUTOS = YES_AGGRESSIVE;
				GCC_WARN_UNUSED_FUNCTION = YES;
				GCC_WARN_UNUSED_VARIABLE = YES;
				MTL_ENABLE_DEBUG_INFO = NO;
				MTL_FAST_MATH = YES;
				PRODUCT_NAME = "$(TARGET_NAME)";
				SDKROOT = iphoneos;
				SWIFT_COMPILATION_MODE = wholemodule;
				SWIFT_OPTIMIZATION_LEVEL = "-O";
				SWIFT_VERSION = 5.0;
			};
			name = Release;
		};
		826CDB274065D6808DD73169 /* Debug */ = {
			isa = XCBuildConfiguration;
			buildSettings = {
				ALWAYS_SEARCH_USER_PATHS = NO;
				CLANG_ANALYZER_NONNULL = YES;
				CLANG_ANALYZER_NUMBER_OBJECT_CONVERSION = YES_AGGRESSIVE;
				CLANG_CXX_LANGUAGE_STANDARD = "gnu++14";
				CLANG_CXX_LIBRARY = "libc++";
				CLANG_ENABLE_MODULES = YES;
				CLANG_ENABLE_OBJC_ARC = YES;
				CLANG_ENABLE_OBJC_WEAK = YES;
				CLANG_WARN_BLOCK_CAPTURE_AUTORELEASING = YES;
				CLANG_WARN_BOOL_CONVERSION = YES;
				CLANG_WARN_COMMA = YES;
				CLANG_WARN_CONSTANT_CONVERSION = YES;
				CLANG_WARN_DEPRECATED_OBJC_IMPLEMENTATIONS = YES;
				CLANG_WARN_DIRECT_OBJC_ISA_USAGE = YES_ERROR;
				CLANG_WARN_DOCUMENTATION_COMMENTS = YES;
				CLANG_WARN_EMPTY_BODY = YES;
				CLANG_WARN_ENUM_CONVERSION = YES;
				CLANG_WARN_INFINITE_RECURSION = YES;
				CLANG_WARN_INT_CONVERSION = YES;
				CLANG_WARN_NON_LITERAL_NULL_CONVERSION = YES;
				CLANG_WARN_OBJC_IMPLICIT_RETAIN_SELF = YES;
				CLANG_WARN_OBJC_LITERAL_CONVERSION = YES;
				CLANG_WARN_OBJC_ROOT_CLASS = YES_ERROR;
				CLANG_WARN_QUOTED_INCLUDE_IN_FRAMEWORK_HEADER = YES;
				CLANG_WARN_RANGE_LOOP_ANALYSIS = YES;
				CLANG_WARN_STRICT_PROTOTYPES = YES;
				CLANG_WARN_SUSPICIOUS_MOVE = YES;
				CLANG_WARN_UNGUARDED_AVAILABILITY = YES_AGGRESSIVE;
				CLANG_WARN_UNREACHABLE_CODE = YES;
				CLANG_WARN__DUPLICATE_METHOD_MATCH = YES;
				COPY_PHASE_STRIP = NO;
				DEBUG_INFORMATION_FORMAT = dwarf;
				ENABLE_STRICT_OBJC_MSGSEND = YES;
				ENABLE_TESTABILITY = YES;
				GCC_C_LANGUAGE_STANDARD = gnu11;
				GCC_DYNAMIC_NO_PIC = NO;
				GCC_NO_COMMON_BLOCKS = YES;
				GCC_OPTIMIZATION_LEVEL = 0;
				GCC_PREPROCESSOR_DEFINITIONS = (
					"$(inherited)",
					"DEBUG=1",
				);
				GCC_WARN_64_TO_32_BIT_CONVERSION = YES;
				GCC_WARN_ABOUT_RETURN_TYPE = YES_ERROR;
				GCC_WARN_UNDECLARED_SELECTOR = YES;
				GCC_WARN_UNINITIALIZED_AUTOS = YES_AGGRESSIVE;
				GCC_WARN_UNUSED_FUNCTION = YES;
				GCC_WARN_UNUSED_VARIABLE = YES;
				MTL_ENABLE_DEBUG_INFO = INCLUDE_SOURCE;
				MTL_FAST_MATH = YES;
				ONLY_ACTIVE_ARCH = YES;
				PRODUCT_NAME = "$(TARGET_NAME)";
				SDKROOT = iphoneos;
				SWIFT_ACTIVE_COMPILATION_CONDITIONS = DEBUG;
				SWIFT_OPTIMIZATION_LEVEL = "-Onone";
				SWIFT_VERSION = 5.0;
			};
			name = Debug;
		};
		C2E2E350E08E12EFAB1E18F0 /* Release */ = {
			isa = XCBuildConfiguration;
			buildSettings = {
				ASSETCATALOG_COMPILER_APPICON_NAME = AppIcon;
				CODE_SIGN_IDENTITY = "iPhone Developer";
				DEVELOPMENT_TEAM = U96KK739SR;
				INFOPLIST_FILE = Sources/Info.plist;
				IPHONEOS_DEPLOYMENT_TARGET = 16.0;
				LD_RUNPATH_SEARCH_PATHS = (
					"$(inherited)",
					"@executable_path/Frameworks",
				);
				PRODUCT_BUNDLE_IDENTIFIER = com.mozartdc.pianolog.native;
				SDKROOT = iphoneos;
				TARGETED_DEVICE_FAMILY = "1,2";
			};
			name = Release;
		};
/* End XCBuildConfiguration section */

/* Begin XCConfigurationList section */
		19D39A8853117A63DF61AE6D /* Build configuration list for PBXNativeTarget "PianoLogNative" */ = {
			isa = XCConfigurationList;
			buildConfigurations = (
				4CA3E362E7707A2A8474F211 /* Debug */,
				C2E2E350E08E12EFAB1E18F0 /* Release */,
			);
			defaultConfigurationIsVisible = 0;
			defaultConfigurationName = Debug;
		};
		3652C8300E078047B20A8ABB /* Build configuration list for PBXProject "PianoLogNative" */ = {
			isa = XCConfigurationList;
			buildConfigurations = (
				826CDB274065D6808DD73169 /* Debug */,
				6A7AAB6434CB55391CF867AE /* Release */,
			);
			defaultConfigurationIsVisible = 0;
			defaultConfigurationName = Debug;
		};
/* End XCConfigurationList section */
	};
	rootObject = E939AA254688F77468E5A894 /* Project object */;
}
